
Microsoft Visual Studio Solution File, Format Version 12.00
# Visual Studio Version 16
VisualStudioVersion = 16.0.29230.47
MinimumVisualStudioVersion = 10.0.40219.1
Project("{9A19103F-16F7-4668-BE54-9A1E7A4F7556}") = "Rnd.Core.ConsoleApp", "Rnd.Core.Console\Rnd.Core.ConsoleApp.csproj", "{31F9D5AA-B8AB-47FE-B687-4BECBD44C49D}"
EndProject
Project("{9A19103F-16F7-4668-BE54-9A1E7A4F7556}") = "Rnd.Core.Console.Tests", "Rnd.Core.Console.Tests\Rnd.Core.Console.Tests.csproj", "{5545CE3A-CF11-4AC4-8186-CFA1FFFECA95}"
EndProject
Project("{9A19103F-16F7-4668-BE54-9A1E7A4F7556}") = "Rnd.Core.Aspnet", "Rnd.Core.Aspnet\Rnd.Core.Aspnet.csproj", "{F3AC9846-63F5-48DD-8349-67979A152525}"
EndProject
Project("{9A19103F-16F7-4668-BE54-9A1E7A4F7556}") = "Rnd.Core.Lambda.DynamoDb", "Rnd.Core.Lambda.DynamoDb\Rnd.Core.Lambda.DynamoDb.csproj", "{0ED7D215-AAED-4410-A663-63FFE2552921}"
EndProject
Project("{9A19103F-16F7-4668-BE54-9A1E7A4F7556}") = "Rnd.Core.AwsAppConfig", "Rnd.Core.AwsAppConfig\Rnd.Core.AwsAppConfig.csproj", "{2686021C-6AE9-496C-B68C-F8DC03791492}"
EndProject
Project("{FAE04EC0-301F-11D3-BF4B-00C04F79EFBC}") = "RnD.Docker", "RnD.Docker\RnD.Docker.csproj", "{80B5B1B4-0B8F-46CD-BD2E-0FDF75E8C9C1}"
EndProject
Global
	GlobalSection(SolutionConfigurationPlatforms) = preSolution
		Debug|Any CPU = Debug|Any CPU
		Release|Any CPU = Release|Any CPU
	EndGlobalSection
	GlobalSection(ProjectConfigurationPlatforms) = postSolution
		{31F9D5AA-B8AB-47FE-B687-4BECBD44C49D}.Debug|Any CPU.ActiveCfg = Debug|Any CPU
		{31F9D5AA-B8AB-47FE-B687-4BECBD44C49D}.Debug|Any CPU.Build.0 = Debug|Any CPU
		{31F9D5AA-B8AB-47FE-B687-4BECBD44C49D}.Release|Any CPU.ActiveCfg = Release|Any CPU
		{31F9D5AA-B8AB-47FE-B687-4BECBD44C49D}.Release|Any CPU.Build.0 = Release|Any CPU
		{5545CE3A-CF11-4AC4-8186-CFA1FFFECA95}.Debug|Any CPU.ActiveCfg = Debug|Any CPU
		{5545CE3A-CF11-4AC4-8186-CFA1FFFECA95}.Debug|Any CPU.Build.0 = Debug|Any CPU
		{5545CE3A-CF11-4AC4-8186-CFA1FFFECA95}.Release|Any CPU.ActiveCfg = Release|Any CPU
		{5545CE3A-CF11-4AC4-8186-CFA1FFFECA95}.Release|Any CPU.Build.0 = Release|Any CPU
		{F3AC9846-63F5-48DD-8349-67979A152525}.Debug|Any CPU.ActiveCfg = Debug|Any CPU
		{F3AC9846-63F5-48DD-8349-67979A152525}.Debug|Any CPU.Build.0 = Debug|Any CPU
		{F3AC9846-63F5-48DD-8349-67979A152525}.Release|Any CPU.ActiveCfg = Release|Any CPU
		{F3AC9846-63F5-48DD-8349-67979A152525}.Release|Any CPU.Build.0 = Release|Any CPU
		{0ED7D215-AAED-4410-A663-63FFE2552921}.Debug|Any CPU.ActiveCfg = Debug|Any CPU
		{0ED7D215-AAED-4410-A663-63FFE2552921}.Debug|Any CPU.Build.0 = Debug|Any CPU
		{0ED7D215-AAED-4410-A663-63FFE2552921}.Release|Any CPU.ActiveCfg = Release|Any CPU
		{0ED7D215-AAED-4410-A663-63FFE2552921}.Release|Any CPU.Build.0 = Release|Any CPU
		{2686021C-6AE9-496C-B68C-F8DC03791492}.Debug|Any CPU.ActiveCfg = Debug|Any CPU
		{2686021C-6AE9-496C-B68C-F8DC03791492}.Debug|Any CPU.Build.0 = Debug|Any CPU
		{2686021C-6AE9-496C-B68C-F8DC03791492}.Release|Any CPU.ActiveCfg = Release|Any CPU
		{2686021C-6AE9-496C-B68C-F8DC03791492}.Release|Any CPU.Build.0 = Release|Any CPU
		{80B5B1B4-0B8F-46CD-BD2E-0FDF75E8C9C1}.Debug|Any CPU.ActiveCfg = Debug|Any CPU
		{80B5B1B4-0B8F-46CD-BD2E-0FDF75E8C9C1}.Debug|Any CPU.Build.0 = Debug|Any CPU
		{80B5B1B4-0B8F-46CD-BD2E-0FDF75E8C9C1}.Release|Any CPU.ActiveCfg = Release|Any CPU
		{80B5B1B4-0B8F-46CD-BD2E-0FDF75E8C9C1}.Release|Any CPU.Build.0 = Release|Any CPU
	EndGlobalSection
	GlobalSection(SolutionProperties) = preSolution
		HideSolutionNode = FALSE
	EndGlobalSection
	GlobalSection(ExtensibilityGlobals) = postSolution
		SolutionGuid = {1DA24145-5AF1-4B9E-A91C-17B8058F117A}
	EndGlobalSection
EndGlobal
